
Microsoft Visual Studio Solution File, Format Version 12.00
# Visual Studio Version 16
VisualStudioVersion = 16.0.30114.105
MinimumVisualStudioVersion = 10.0.40219.1
Project("{FAE04EC0-301F-11D3-BF4B-00C04F79EFBC}") = "csharpprogramminglanguage", "csharpconsole.datasstructures\csharpprogramminglanguage.csproj", "{210A8FF7-4958-41BA-BC37-A1CE9B9DC636}"
EndProject
Project("{FAE04EC0-301F-11D3-BF4B-00C04F79EFBC}") = "datastructures", "datastructures.lib\datastructures.csproj", "{8FA52143-34AA-4882-8336-B057693827E8}"
EndProject
Global
	GlobalSection(SolutionConfigurationPlatforms) = preSolution
		Debug|Any CPU = Debug|Any CPU
		Release|Any CPU = Release|Any CPU
	EndGlobalSection
	GlobalSection(SolutionProperties) = preSolution
		HideSolutionNode = FALSE
	EndGlobalSection
	GlobalSection(ProjectConfigurationPlatforms) = postSolution
		{210A8FF7-4958-41BA-BC37-A1CE9B9DC636}.Debug|Any CPU.ActiveCfg = Debug|Any CPU
		{210A8FF7-4958-41BA-BC37-A1CE9B9DC636}.Debug|Any CPU.Build.0 = Debug|Any CPU
		{210A8FF7-4958-41BA-BC37-A1CE9B9DC636}.Release|Any CPU.ActiveCfg = Release|Any CPU
		{210A8FF7-4958-41BA-BC37-A1CE9B9DC636}.Release|Any CPU.Build.0 = Release|Any CPU
		{8FA52143-34AA-4882-8336-B057693827E8}.Debug|Any CPU.ActiveCfg = Debug|Any CPU
		{8FA52143-34AA-4882-8336-B057693827E8}.Debug|Any CPU.Build.0 = Debug|Any CPU
		{8FA52143-34AA-4882-8336-B057693827E8}.Release|Any CPU.ActiveCfg = Release|Any CPU
		{8FA52143-34AA-4882-8336-B057693827E8}.Release|Any CPU.Build.0 = Release|Any CPU
	EndGlobalSection
EndGlobal
