
Microsoft Visual Studio Solution File, Format Version 12.00
# Visual Studio Version 16
VisualStudioVersion = 16.0.30114.105
MinimumVisualStudioVersion = 10.0.40219.1
Project("{FAE04EC0-301F-11D3-BF4B-00C04F79EFBC}") = "schoolHRadmistration", "schoolHRadmistration\schoolHRadmistration.csproj", "{7786015B-C28B-4B86-B16E-72FEB620A335}"
EndProject
Project("{FAE04EC0-301F-11D3-BF4B-00C04F79EFBC}") = "schoolHRadmistration.Api", "schoolHRadmistration.Api\schoolHRadmistration.Api.csproj", "{5DFED5E6-ABB4-43D3-9083-E758C2A44920}"
EndProject
Global
	GlobalSection(SolutionConfigurationPlatforms) = preSolution
		Debug|Any CPU = Debug|Any CPU
		Release|Any CPU = Release|Any CPU
	EndGlobalSection
	GlobalSection(SolutionProperties) = preSolution
		HideSolutionNode = FALSE
	EndGlobalSection
	GlobalSection(ProjectConfigurationPlatforms) = postSolution
		{7786015B-C28B-4B86-B16E-72FEB620A335}.Debug|Any CPU.ActiveCfg = Debug|Any CPU
		{7786015B-C28B-4B86-B16E-72FEB620A335}.Debug|Any CPU.Build.0 = Debug|Any CPU
		{7786015B-C28B-4B86-B16E-72FEB620A335}.Release|Any CPU.ActiveCfg = Release|Any CPU
		{7786015B-C28B-4B86-B16E-72FEB620A335}.Release|Any CPU.Build.0 = Release|Any CPU
		{5DFED5E6-ABB4-43D3-9083-E758C2A44920}.Debug|Any CPU.ActiveCfg = Debug|Any CPU
		{5DFED5E6-ABB4-43D3-9083-E758C2A44920}.Debug|Any CPU.Build.0 = Debug|Any CPU
		{5DFED5E6-ABB4-43D3-9083-E758C2A44920}.Release|Any CPU.ActiveCfg = Release|Any CPU
		{5DFED5E6-ABB4-43D3-9083-E758C2A44920}.Release|Any CPU.Build.0 = Release|Any CPU
	EndGlobalSection
EndGlobal
